
Microsoft Visual Studio Solution File, Format Version 12.00
# Visual Studio 2013
VisualStudioVersion = 12.0.31101.0
MinimumVisualStudioVersion = 10.0.40219.1
Project("{FAE04EC0-301F-11D3-BF4B-00C04F79EFBC}") = "Shem", "Shem\Shem.csproj", "{E037CF47-3F89-42F1-8937-AA3D777C8F5D}"
EndProject
Project("{2150E333-8FDC-42A3-9474-1A3956D46DE8}") = "Solution Items", "Solution Items", "{58BF2401-B5D1-42A7-8531-98B81B554C69}"
	ProjectSection(SolutionItems) = preProject
		README.md = README.md
	EndProjectSection
EndProject
Project("{FAE04EC0-301F-11D3-BF4B-00C04F79EFBC}") = "test", "test\test.csproj", "{BEA4AC3C-86FD-4C0A-9D84-020A82951C79}"
EndProject
Project("{2150E333-8FDC-42A3-9474-1A3956D46DE8}") = "torspec", "torspec", "{2F0620D4-2145-498D-A188-EAF562866FC0}"
	ProjectSection(SolutionItems) = preProject
		..\torspec\.gitignore = ..\torspec\.gitignore
		..\torspec\address-spec.txt = ..\torspec\address-spec.txt
		..\torspec\bridgedb-spec.txt = ..\torspec\bridgedb-spec.txt
		..\torspec\control-spec.txt = ..\torspec\control-spec.txt
		..\torspec\dir-spec.txt = ..\torspec\dir-spec.txt
		..\torspec\gettor-spec.txt = ..\torspec\gettor-spec.txt
		..\torspec\glossary.txt = ..\torspec\glossary.txt
		..\torspec\path-spec.txt = ..\torspec\path-spec.txt
		..\torspec\pt-spec.txt = ..\torspec\pt-spec.txt
		..\torspec\rend-spec.txt = ..\torspec\rend-spec.txt
		..\torspec\socks-extensions.txt = ..\torspec\socks-extensions.txt
		..\torspec\tor-fw-helper-spec.txt = ..\torspec\tor-fw-helper-spec.txt
		..\torspec\tor-spec.txt = ..\torspec\tor-spec.txt
		..\torspec\version-spec.txt = ..\torspec\version-spec.txt
	EndProjectSection
EndProject
Project("{2150E333-8FDC-42A3-9474-1A3956D46DE8}") = "attic", "attic", "{0E189187-86B7-4D25-B2AB-98280741AEB1}"
	ProjectSection(SolutionItems) = preProject
		..\torspec\attic\authority-policy.txt = ..\torspec\attic\authority-policy.txt
		..\torspec\attic\bridges-spec.txt = ..\torspec\attic\bridges-spec.txt
		..\torspec\attic\control-spec-v0.txt = ..\torspec\attic\control-spec-v0.txt
		..\torspec\attic\dir-spec-v1.txt = ..\torspec\attic\dir-spec-v1.txt
		..\torspec\attic\dir-spec-v2.txt = ..\torspec\attic\dir-spec-v2.txt
		..\torspec\attic\torel-design.txt = ..\torspec\attic\torel-design.txt
		..\torspec\attic\unimplemented_dirspec.txt = ..\torspec\attic\unimplemented_dirspec.txt
		..\torspec\attic\v3-authority-howto.txt = ..\torspec\attic\v3-authority-howto.txt
	EndProjectSection
EndProject
Project("{2150E333-8FDC-42A3-9474-1A3956D46DE8}") = "proposals", "proposals", "{8541CDA5-29F6-44F1-A2B8-0186D6632D74}"
	ProjectSection(SolutionItems) = preProject
		..\torspec\proposals\.gitignore = ..\torspec\proposals\.gitignore
		..\torspec\proposals\000-index.txt = ..\torspec\proposals\000-index.txt
		..\torspec\proposals\001-process.txt = ..\torspec\proposals\001-process.txt
		..\torspec\proposals\098-todo.txt = ..\torspec\proposals\098-todo.txt
		..\torspec\proposals\099-misc.txt = ..\torspec\proposals\099-misc.txt
		..\torspec\proposals\100-tor-spec-udp.txt = ..\torspec\proposals\100-tor-spec-udp.txt
		..\torspec\proposals\101-dir-voting.txt = ..\torspec\proposals\101-dir-voting.txt
		..\torspec\proposals\102-drop-opt.txt = ..\torspec\proposals\102-drop-opt.txt
		..\torspec\proposals\103-multilevel-keys.txt = ..\torspec\proposals\103-multilevel-keys.txt
		..\torspec\proposals\104-short-descriptors.txt = ..\torspec\proposals\104-short-descriptors.txt
		..\torspec\proposals\105-handshake-revision.txt = ..\torspec\proposals\105-handshake-revision.txt
		..\torspec\proposals\106-less-tls-constraint.txt = ..\torspec\proposals\106-less-tls-constraint.txt
		..\torspec\proposals\107-uptime-sanity-checking.txt = ..\torspec\proposals\107-uptime-sanity-checking.txt
		..\torspec\proposals\108-mtbf-based-stability.txt = ..\torspec\proposals\108-mtbf-based-stability.txt
		..\torspec\proposals\109-no-sharing-ips.txt = ..\torspec\proposals\109-no-sharing-ips.txt
		..\torspec\proposals\110-avoid-infinite-circuits.txt = ..\torspec\proposals\110-avoid-infinite-circuits.txt
		..\torspec\proposals\111-local-traffic-priority.txt = ..\torspec\proposals\111-local-traffic-priority.txt
		..\torspec\proposals\112-bring-back-pathlencoinweight.txt = ..\torspec\proposals\112-bring-back-pathlencoinweight.txt
		..\torspec\proposals\113-fast-authority-interface.txt = ..\torspec\proposals\113-fast-authority-interface.txt
		..\torspec\proposals\114-distributed-storage.txt = ..\torspec\proposals\114-distributed-storage.txt
		..\torspec\proposals\115-two-hop-paths.txt = ..\torspec\proposals\115-two-hop-paths.txt
		..\torspec\proposals\116-two-hop-paths-from-guard.txt = ..\torspec\proposals\116-two-hop-paths-from-guard.txt
		..\torspec\proposals\117-ipv6-exits.txt = ..\torspec\proposals\117-ipv6-exits.txt
		..\torspec\proposals\118-multiple-orports.txt = ..\torspec\proposals\118-multiple-orports.txt
		..\torspec\proposals\119-controlport-auth.txt = ..\torspec\proposals\119-controlport-auth.txt
		..\torspec\proposals\120-shutdown-descriptors.txt = ..\torspec\proposals\120-shutdown-descriptors.txt
		..\torspec\proposals\121-hidden-service-authentication.txt = ..\torspec\proposals\121-hidden-service-authentication.txt
		..\torspec\proposals\122-unnamed-flag.txt = ..\torspec\proposals\122-unnamed-flag.txt
		..\torspec\proposals\123-autonaming.txt = ..\torspec\proposals\123-autonaming.txt
		..\torspec\proposals\124-tls-certificates.txt = ..\torspec\proposals\124-tls-certificates.txt
		..\torspec\proposals\125-bridges.txt = ..\torspec\proposals\125-bridges.txt
		..\torspec\proposals\126-geoip-reporting.txt = ..\torspec\proposals\126-geoip-reporting.txt
		..\torspec\proposals\127-dirport-mirrors-downloads.txt = ..\torspec\proposals\127-dirport-mirrors-downloads.txt
		..\torspec\proposals\128-bridge-families.txt = ..\torspec\proposals\128-bridge-families.txt
		..\torspec\proposals\129-reject-plaintext-ports.txt = ..\torspec\proposals\129-reject-plaintext-ports.txt
		..\torspec\proposals\130-v2-conn-protocol.txt = ..\torspec\proposals\130-v2-conn-protocol.txt
		..\torspec\proposals\131-verify-tor-usage.txt = ..\torspec\proposals\131-verify-tor-usage.txt
		..\torspec\proposals\132-browser-check-tor-service.txt = ..\torspec\proposals\132-browser-check-tor-service.txt
		..\torspec\proposals\133-unreachable-ors.txt = ..\torspec\proposals\133-unreachable-ors.txt
		..\torspec\proposals\134-robust-voting.txt = ..\torspec\proposals\134-robust-voting.txt
		..\torspec\proposals\135-private-tor-networks.txt = ..\torspec\proposals\135-private-tor-networks.txt
		..\torspec\proposals\136-legacy-keys.txt = ..\torspec\proposals\136-legacy-keys.txt
		..\torspec\proposals\137-bootstrap-phases.txt = ..\torspec\proposals\137-bootstrap-phases.txt
		..\torspec\proposals\138-remove-down-routers-from-consensus.txt = ..\torspec\proposals\138-remove-down-routers-from-consensus.txt
		..\torspec\proposals\139-conditional-consensus-download.txt = ..\torspec\proposals\139-conditional-consensus-download.txt
		..\torspec\proposals\140-consensus-diffs.txt = ..\torspec\proposals\140-consensus-diffs.txt
		..\torspec\proposals\141-jit-sd-downloads.txt = ..\torspec\proposals\141-jit-sd-downloads.txt
		..\torspec\proposals\142-combine-intro-and-rend-points.txt = ..\torspec\proposals\142-combine-intro-and-rend-points.txt
		..\torspec\proposals\143-distributed-storage-improvements.txt = ..\torspec\proposals\143-distributed-storage-improvements.txt
		..\torspec\proposals\144-enforce-distinct-providers.txt = ..\torspec\proposals\144-enforce-distinct-providers.txt
		..\torspec\proposals\145-newguard-flag.txt = ..\torspec\proposals\145-newguard-flag.txt
		..\torspec\proposals\146-long-term-stability.txt = ..\torspec\proposals\146-long-term-stability.txt
		..\torspec\proposals\147-prevoting-opinions.txt = ..\torspec\proposals\147-prevoting-opinions.txt
		..\torspec\proposals\148-uniform-client-end-reason.txt = ..\torspec\proposals\148-uniform-client-end-reason.txt
		..\torspec\proposals\149-using-netinfo-data.txt = ..\torspec\proposals\149-using-netinfo-data.txt
		..\torspec\proposals\150-exclude-exit-nodes.txt = ..\torspec\proposals\150-exclude-exit-nodes.txt
		..\torspec\proposals\151-path-selection-improvements.txt = ..\torspec\proposals\151-path-selection-improvements.txt
		..\torspec\proposals\152-single-hop-circuits.txt = ..\torspec\proposals\152-single-hop-circuits.txt
		..\torspec\proposals\153-automatic-software-update-protocol.txt = ..\torspec\proposals\153-automatic-software-update-protocol.txt
		..\torspec\proposals\154-automatic-updates.txt = ..\torspec\proposals\154-automatic-updates.txt
		..\torspec\proposals\155-four-hidden-service-improvements.txt = ..\torspec\proposals\155-four-hidden-service-improvements.txt
		..\torspec\proposals\156-tracking-blocked-ports.txt = ..\torspec\proposals\156-tracking-blocked-ports.txt
		..\torspec\proposals\157-specific-cert-download.txt = ..\torspec\proposals\157-specific-cert-download.txt
		..\torspec\proposals\158-microdescriptors.txt = ..\torspec\proposals\158-microdescriptors.txt
		..\torspec\proposals\159-exit-scanning.txt = ..\torspec\proposals\159-exit-scanning.txt
		..\torspec\proposals\160-bandwidth-offset.txt = ..\torspec\proposals\160-bandwidth-offset.txt
		..\torspec\proposals\161-computing-bandwidth-adjustments.txt = ..\torspec\proposals\161-computing-bandwidth-adjustments.txt
		..\torspec\proposals\162-consensus-flavors.txt = ..\torspec\proposals\162-consensus-flavors.txt
		..\torspec\proposals\163-detecting-clients.txt = ..\torspec\proposals\163-detecting-clients.txt
		..\torspec\proposals\164-reporting-server-status.txt = ..\torspec\proposals\164-reporting-server-status.txt
		..\torspec\proposals\165-simple-robust-voting.txt = ..\torspec\proposals\165-simple-robust-voting.txt
		..\torspec\proposals\166-statistics-extra-info-docs.txt = ..\torspec\proposals\166-statistics-extra-info-docs.txt
		..\torspec\proposals\167-params-in-consensus.txt = ..\torspec\proposals\167-params-in-consensus.txt
		..\torspec\proposals\168-reduce-circwindow.txt = ..\torspec\proposals\168-reduce-circwindow.txt
		..\torspec\proposals\169-eliminating-renegotiation.txt = ..\torspec\proposals\169-eliminating-renegotiation.txt
		..\torspec\proposals\170-user-path-config.txt = ..\torspec\proposals\170-user-path-config.txt
		..\torspec\proposals\171-separate-streams.txt = ..\torspec\proposals\171-separate-streams.txt
		..\torspec\proposals\172-circ-getinfo-option.txt = ..\torspec\proposals\172-circ-getinfo-option.txt
		..\torspec\proposals\173-getinfo-option-expansion.txt = ..\torspec\proposals\173-getinfo-option-expansion.txt
		..\torspec\proposals\174-optimistic-data-server.txt = ..\torspec\proposals\174-optimistic-data-server.txt
		..\torspec\proposals\175-automatic-node-promotion.txt = ..\torspec\proposals\175-automatic-node-promotion.txt
		..\torspec\proposals\176-revising-handshake.txt = ..\torspec\proposals\176-revising-handshake.txt
		..\torspec\proposals\177-flag-abstention.txt = ..\torspec\proposals\177-flag-abstention.txt
		..\torspec\proposals\178-param-voting.txt = ..\torspec\proposals\178-param-voting.txt
		..\torspec\proposals\179-TLS-cert-and-parameter-normalization.txt = ..\torspec\proposals\179-TLS-cert-and-parameter-normalization.txt
		..\torspec\proposals\180-pluggable-transport.txt = ..\torspec\proposals\180-pluggable-transport.txt
		..\torspec\proposals\181-optimistic-data-client.txt = ..\torspec\proposals\181-optimistic-data-client.txt
		..\torspec\proposals\182-creditbucket.txt = ..\torspec\proposals\182-creditbucket.txt
		..\torspec\proposals\183-refillintervals.txt = ..\torspec\proposals\183-refillintervals.txt
		..\torspec\proposals\184-v3-link-protocol.txt = ..\torspec\proposals\184-v3-link-protocol.txt
		..\torspec\proposals\185-dir-without-dirport.txt = ..\torspec\proposals\185-dir-without-dirport.txt
		..\torspec\proposals\186-multiple-orports.txt = ..\torspec\proposals\186-multiple-orports.txt
		..\torspec\proposals\187-allow-client-auth.txt = ..\torspec\proposals\187-allow-client-auth.txt
		..\torspec\proposals\188-bridge-guards.txt = ..\torspec\proposals\188-bridge-guards.txt
		..\torspec\proposals\189-authorize-cell.txt = ..\torspec\proposals\189-authorize-cell.txt
		..\torspec\proposals\190-shared-secret-bridge-authorization.txt = ..\torspec\proposals\190-shared-secret-bridge-authorization.txt
		..\torspec\proposals\191-mitm-bridge-detection-resistance.txt = ..\torspec\proposals\191-mitm-bridge-detection-resistance.txt
		..\torspec\proposals\192-store-bridge-information.txt = ..\torspec\proposals\192-store-bridge-information.txt
		..\torspec\proposals\193-safe-cookie-authentication.txt = ..\torspec\proposals\193-safe-cookie-authentication.txt
		..\torspec\proposals\194-mnemonic-urls.txt = ..\torspec\proposals\194-mnemonic-urls.txt
		..\torspec\proposals\195-TLS-normalization-for-024.txt = ..\torspec\proposals\195-TLS-normalization-for-024.txt
		..\torspec\proposals\196-transport-control-ports.txt = ..\torspec\proposals\196-transport-control-ports.txt
		..\torspec\proposals\197-postmessage-ipc.txt = ..\torspec\proposals\197-postmessage-ipc.txt
		..\torspec\proposals\198-restore-clienthello-semantics.txt = ..\torspec\proposals\198-restore-clienthello-semantics.txt
		..\torspec\proposals\199-bridgefinder-integration.txt = ..\torspec\proposals\199-bridgefinder-integration.txt
		..\torspec\proposals\200-new-create-and-extend-cells.txt = ..\torspec\proposals\200-new-create-and-extend-cells.txt
		..\torspec\proposals\201-bridge-v3-reqs-stats.txt = ..\torspec\proposals\201-bridge-v3-reqs-stats.txt
		..\torspec\proposals\202-improved-relay-crypto.txt = ..\torspec\proposals\202-improved-relay-crypto.txt
		..\torspec\proposals\203-https-frontend.txt = ..\torspec\proposals\203-https-frontend.txt
		..\torspec\proposals\204-hidserv-subdomains.txt = ..\torspec\proposals\204-hidserv-subdomains.txt
		..\torspec\proposals\205-local-dnscache.txt = ..\torspec\proposals\205-local-dnscache.txt
		..\torspec\proposals\206-directory-sources.txt = ..\torspec\proposals\206-directory-sources.txt
		..\torspec\proposals\207-directory-guards.txt = ..\torspec\proposals\207-directory-guards.txt
		..\torspec\proposals\208-ipv6-exits-redux.txt = ..\torspec\proposals\208-ipv6-exits-redux.txt
		..\torspec\proposals\209-path-bias-tuning.txt = ..\torspec\proposals\209-path-bias-tuning.txt
		..\torspec\proposals\210-faster-headless-consensus-bootstrap.txt = ..\torspec\proposals\210-faster-headless-consensus-bootstrap.txt
		..\torspec\proposals\211-mapaddress-tor-status.txt = ..\torspec\proposals\211-mapaddress-tor-status.txt
		..\torspec\proposals\212-using-old-consensus.txt = ..\torspec\proposals\212-using-old-consensus.txt
		..\torspec\proposals\213-remove-stream-sendmes.txt = ..\torspec\proposals\213-remove-stream-sendmes.txt
		..\torspec\proposals\214-longer-circids.txt = ..\torspec\proposals\214-longer-circids.txt
		..\torspec\proposals\215-update-min-consensus-ver.txt = ..\torspec\proposals\215-update-min-consensus-ver.txt
		..\torspec\proposals\216-ntor-handshake.txt = ..\torspec\proposals\216-ntor-handshake.txt
		..\torspec\proposals\217-ext-orport-auth.txt = ..\torspec\proposals\217-ext-orport-auth.txt
		..\torspec\proposals\218-usage-controller-events.txt = ..\torspec\proposals\218-usage-controller-events.txt
		..\torspec\proposals\219-expanded-dns.txt = ..\torspec\proposals\219-expanded-dns.txt
		..\torspec\proposals\220-ecc-id-keys.txt = ..\torspec\proposals\220-ecc-id-keys.txt
		..\torspec\proposals\221-stop-using-create-fast.txt = ..\torspec\proposals\221-stop-using-create-fast.txt
		..\torspec\proposals\222-remove-client-timestamps.txt = ..\torspec\proposals\222-remove-client-timestamps.txt
		..\torspec\proposals\223-ace-handshake.txt = ..\torspec\proposals\223-ace-handshake.txt
		..\torspec\proposals\224-rend-spec-ng.txt = ..\torspec\proposals\224-rend-spec-ng.txt
		..\torspec\proposals\225-strawman-shared-rand.txt = ..\torspec\proposals\225-strawman-shared-rand.txt
		..\torspec\proposals\226-bridgedb-database-improvements.txt = ..\torspec\proposals\226-bridgedb-database-improvements.txt
		..\torspec\proposals\227-vote-on-package-fingerprints.txt = ..\torspec\proposals\227-vote-on-package-fingerprints.txt
		..\torspec\proposals\228-cross-certification-onionkeys.txt = ..\torspec\proposals\228-cross-certification-onionkeys.txt
		..\torspec\proposals\229-further-socks5-extensions.txt = ..\torspec\proposals\229-further-socks5-extensions.txt
		..\torspec\proposals\230-rsa1024-relay-id-migration.txt = ..\torspec\proposals\230-rsa1024-relay-id-migration.txt
		..\torspec\proposals\231-migrate-authority-rsa1024-ids.txt = ..\torspec\proposals\231-migrate-authority-rsa1024-ids.txt
		..\torspec\proposals\232-pluggable-transports-through-proxy.txt = ..\torspec\proposals\232-pluggable-transports-through-proxy.txt
		..\torspec\proposals\233-quicken-tor2web-mode.txt = ..\torspec\proposals\233-quicken-tor2web-mode.txt
		..\torspec\proposals\234-remittance-addresses.txt = ..\torspec\proposals\234-remittance-addresses.txt
		..\torspec\proposals\235-kill-named-flag.txt = ..\torspec\proposals\235-kill-named-flag.txt
		..\torspec\proposals\236-single-guard-node.txt = ..\torspec\proposals\236-single-guard-node.txt
		..\torspec\proposals\237-directory-servers-for-all.txt = ..\torspec\proposals\237-directory-servers-for-all.txt
		..\torspec\proposals\238-hs-relay-stats.txt = ..\torspec\proposals\238-hs-relay-stats.txt
		..\torspec\proposals\239-consensus-hash-chaining.txt = ..\torspec\proposals\239-consensus-hash-chaining.txt
		..\torspec\proposals\240-auth-cert-revocation.txt = ..\torspec\proposals\240-auth-cert-revocation.txt
		..\torspec\proposals\241-suspicious-guard-turnover.txt = ..\torspec\proposals\241-suspicious-guard-turnover.txt
		..\torspec\proposals\242-better-families.txt = ..\torspec\proposals\242-better-families.txt
		..\torspec\proposals\243-hsdir-flag-need-stable.txt = ..\torspec\proposals\243-hsdir-flag-need-stable.txt
		..\torspec\proposals\244-use-rfc5705-for-tls-binding.txt = ..\torspec\proposals\244-use-rfc5705-for-tls-binding.txt
		..\torspec\proposals\245-tap-out.txt = ..\torspec\proposals\245-tap-out.txt
		..\torspec\proposals\proposal-status.txt = ..\torspec\proposals\proposal-status.txt
		..\torspec\proposals\reindex.py = ..\torspec\proposals\reindex.py
	EndProjectSection
EndProject
Project("{2150E333-8FDC-42A3-9474-1A3956D46DE8}") = "ideas", "ideas", "{3239B9E4-8E51-459E-BF6D-24FC776529B1}"
	ProjectSection(SolutionItems) = preProject
		..\torspec\proposals\ideas\incentives.txt = ..\torspec\proposals\ideas\incentives.txt
		..\torspec\proposals\ideas\xxx-bwrate-algs.txt = ..\torspec\proposals\ideas\xxx-bwrate-algs.txt
		..\torspec\proposals\ideas\xxx-choosing-crypto-in-tor-protocol.txt = ..\torspec\proposals\ideas\xxx-choosing-crypto-in-tor-protocol.txt
		..\torspec\proposals\ideas\xxx-controllers-intercept-extends.txt = ..\torspec\proposals\ideas\xxx-controllers-intercept-extends.txt
		..\torspec\proposals\ideas\xxx-crypto-migration.txt = ..\torspec\proposals\ideas\xxx-crypto-migration.txt
		..\torspec\proposals\ideas\xxx-crypto-requirements.txt = ..\torspec\proposals\ideas\xxx-crypto-requirements.txt
		..\torspec\proposals\ideas\xxx-encrypted-services.txt = ..\torspec\proposals\ideas\xxx-encrypted-services.txt
		..\torspec\proposals\ideas\xxx-grand-scaling-plan.txt = ..\torspec\proposals\ideas\xxx-grand-scaling-plan.txt
		..\torspec\proposals\ideas\xxx-ipv6-plan.txt = ..\torspec\proposals\ideas\xxx-ipv6-plan.txt
		..\torspec\proposals\ideas\xxx-ipv6-roadmap.txt = ..\torspec\proposals\ideas\xxx-ipv6-roadmap.txt
		..\torspec\proposals\ideas\xxx-new-crypto-sketch.txt = ..\torspec\proposals\ideas\xxx-new-crypto-sketch.txt
		..\torspec\proposals\ideas\xxx-onion-nyms.txt = ..\torspec\proposals\ideas\xxx-onion-nyms.txt
		..\torspec\proposals\ideas\xxx-port-knocking.txt = ..\torspec\proposals\ideas\xxx-port-knocking.txt
		..\torspec\proposals\ideas\xxx-rate-limit-exits.txt = ..\torspec\proposals\ideas\xxx-rate-limit-exits.txt
		..\torspec\proposals\ideas\xxx-triangleboy-transport.txt = ..\torspec\proposals\ideas\xxx-triangleboy-transport.txt
		..\torspec\proposals\ideas\xxx-using-spdy.txt = ..\torspec\proposals\ideas\xxx-using-spdy.txt
		..\torspec\proposals\ideas\xxx-what-uses-sha1.txt = ..\torspec\proposals\ideas\xxx-what-uses-sha1.txt
	EndProjectSection
EndProject
Project("{2150E333-8FDC-42A3-9474-1A3956D46DE8}") = "old", "old", "{5F615C1B-35DF-4F0E-89CA-A5038FA0452F}"
	ProjectSection(SolutionItems) = preProject
		..\torspec\proposals\ideas\old\xxx-auto-update.txt = ..\torspec\proposals\ideas\old\xxx-auto-update.txt
		..\torspec\proposals\ideas\old\xxx-bridge-disbursement.txt = ..\torspec\proposals\ideas\old\xxx-bridge-disbursement.txt
		..\torspec\proposals\ideas\old\xxx-exit-scanning-outline.txt = ..\torspec\proposals\ideas\old\xxx-exit-scanning-outline.txt
		..\torspec\proposals\ideas\old\xxx-geoip-survey-plan.txt = ..\torspec\proposals\ideas\old\xxx-geoip-survey-plan.txt
		..\torspec\proposals\ideas\old\xxx-hide-platform.txt = ..\torspec\proposals\ideas\old\xxx-hide-platform.txt
	EndProjectSection
EndProject
Global
	GlobalSection(SolutionConfigurationPlatforms) = preSolution
		Debug|Any CPU = Debug|Any CPU
		Release|Any CPU = Release|Any CPU
	EndGlobalSection
	GlobalSection(ProjectConfigurationPlatforms) = postSolution
		{E037CF47-3F89-42F1-8937-AA3D777C8F5D}.Debug|Any CPU.ActiveCfg = Debug|Any CPU
		{E037CF47-3F89-42F1-8937-AA3D777C8F5D}.Debug|Any CPU.Build.0 = Debug|Any CPU
		{E037CF47-3F89-42F1-8937-AA3D777C8F5D}.Release|Any CPU.ActiveCfg = Release|Any CPU
		{E037CF47-3F89-42F1-8937-AA3D777C8F5D}.Release|Any CPU.Build.0 = Release|Any CPU
		{BEA4AC3C-86FD-4C0A-9D84-020A82951C79}.Debug|Any CPU.ActiveCfg = Debug|Any CPU
		{BEA4AC3C-86FD-4C0A-9D84-020A82951C79}.Debug|Any CPU.Build.0 = Debug|Any CPU
		{BEA4AC3C-86FD-4C0A-9D84-020A82951C79}.Release|Any CPU.ActiveCfg = Release|Any CPU
		{BEA4AC3C-86FD-4C0A-9D84-020A82951C79}.Release|Any CPU.Build.0 = Release|Any CPU
	EndGlobalSection
	GlobalSection(SolutionProperties) = preSolution
		HideSolutionNode = FALSE
	EndGlobalSection
	GlobalSection(NestedProjects) = preSolution
		{2F0620D4-2145-498D-A188-EAF562866FC0} = {58BF2401-B5D1-42A7-8531-98B81B554C69}
		{0E189187-86B7-4D25-B2AB-98280741AEB1} = {2F0620D4-2145-498D-A188-EAF562866FC0}
		{8541CDA5-29F6-44F1-A2B8-0186D6632D74} = {2F0620D4-2145-498D-A188-EAF562866FC0}
		{3239B9E4-8E51-459E-BF6D-24FC776529B1} = {8541CDA5-29F6-44F1-A2B8-0186D6632D74}
		{5F615C1B-35DF-4F0E-89CA-A5038FA0452F} = {3239B9E4-8E51-459E-BF6D-24FC776529B1}
	EndGlobalSection
EndGlobal
